# This file is automatically @generated by Cargo.
# It is not intended for manual editing.
version = 3

[[package]]
name = "bis_anim"
version = "0.1.0"
dependencies = [
 "pr21",
]

[[package]]
name = "pr21"
version = "0.1.0"
source = "git+https://github.com/Pr47/Project-21?rev=dffefa87e3231ae2341c7d58e8eff6ad1db67c86#dffefa87e3231ae2341c7d58e8eff6ad1db67c86"
dependencies = [
 "smallvec",
 "xjbutil",
]

[[package]]
name = "smallvec"
version = "1.10.0"
source = "registry+https://github.com/rust-lang/crates.io-index"
checksum = "a507befe795404456341dfab10cef66ead4c041f62b8b11bbb92bffe5d0953e0"

[[package]]
name = "unchecked_unwrap"
version = "4.0.0"
source = "registry+https://github.com/rust-lang/crates.io-index"
checksum = "3225965522cd8ec8a857c1496adf6c17ecb9c0de554a09dbdaa89080bbb74088"

[[package]]
name = "xjbutil"
version = "0.9.0-DELTA"
source = "registry+https://github.com/rust-lang/crates.io-index"
checksum = "60d217d9f88a7bc238cf5e31a2ee1fcef7865dcbeded2b85d1c672a5ad72757f"
dependencies = [
 "unchecked_unwrap",
]
